
Microsoft Visual Studio Solution File, Format Version 12.00
# Visual Studio Version 16
VisualStudioVersion = 16.0.30711.63
MinimumVisualStudioVersion = 10.0.40219.1
Project("{FAE04EC0-301F-11D3-BF4B-00C04F79EFBC}") = "WPFChatRoom", "WPFChatRoom\WPFChatRoom.csproj", "{02C94D4C-EA05-46AE-B45A-BFF99171A72E}"
EndProject
Global
	GlobalSection(SolutionConfigurationPlatforms) = preSolution
		Debug|Any CPU = Debug|Any CPU
		Release|Any CPU = Release|Any CPU
	EndGlobalSection
	GlobalSection(ProjectConfigurationPlatforms) = postSolution
		{02C94D4C-EA05-46AE-B45A-BFF99171A72E}.Debug|Any CPU.ActiveCfg = Debug|Any CPU
		{02C94D4C-EA05-46AE-B45A-BFF99171A72E}.Debug|Any CPU.Build.0 = Debug|Any CPU
		{02C94D4C-EA05-46AE-B45A-BFF99171A72E}.Release|Any CPU.ActiveCfg = Release|Any CPU
		{02C94D4C-EA05-46AE-B45A-BFF99171A72E}.Release|Any CPU.Build.0 = Release|Any CPU
	EndGlobalSection
	GlobalSection(SolutionProperties) = preSolution
		HideSolutionNode = FALSE
	EndGlobalSection
	GlobalSection(ExtensibilityGlobals) = postSolution
		SolutionGuid = {79E1C8D4-985D-4CA6-A518-0B3C45341C0B}
	EndGlobalSection
EndGlobal
